// !$*UTF8*$!
{
	archiveVersion = 1;
	classes = {
	};
	objectVersion = 56;
	objects = {

/* Begin PBXBuildFile section */
		BF5C322B2A5F29A9006695B4 /* mcontrolApp.swift in Sources */ = {isa = PBXBuildFile; fileRef = BF5C322A2A5F29A9006695B4 /* mcontrolApp.swift */; };
		BF5C322D2A5F29A9006695B4 /* ContentView.swift in Sources */ = {isa = PBXBuildFile; fileRef = BF5C322C2A5F29A9006695B4 /* ContentView.swift */; };
		BF5C322F2A5F29AB006695B4 /* Assets.xcassets in Resources */ = {isa = PBXBuildFile; fileRef = BF5C322E2A5F29AB006695B4 /* Assets.xcassets */; };
		BF5C32322A5F29AB006695B4 /* Preview Assets.xcassets in Resources */ = {isa = PBXBuildFile; fileRef = BF5C32312A5F29AB006695B4 /* Preview Assets.xcassets */; };
		BF5C323F2A5F29BE006695B4 /* MessageFilterExtension.swift in Sources */ = {isa = PBXBuildFile; fileRef = BF5C323E2A5F29BE006695B4 /* MessageFilterExtension.swift */; };
		BF5C32432A5F29BE006695B4 /* MyMessageFiltering.appex in Embed Foundation Extensions */ = {isa = PBXBuildFile; fileRef = BF5C323C2A5F29BE006695B4 /* MyMessageFiltering.appex */; settings = {ATTRIBUTES = (RemoveHeadersOnCopy, ); }; };
/* End PBXBuildFile section */

/* Begin PBXContainerItemProxy section */
		BF5C32412A5F29BE006695B4 /* PBXContainerItemProxy */ = {
			isa = PBXContainerItemProxy;
			containerPortal = BF5C321F2A5F29A9006695B4 /* Project object */;
			proxyType = 1;
			remoteGlobalIDString = BF5C323B2A5F29BE006695B4;
			remoteInfo = MyMessageFiltering;
		};
/* End PBXContainerItemProxy section */

/* Begin PBXCopyFilesBuildPhase section */
		BF5C32472A5F29BE006695B4 /* Embed Foundation Extensions */ = {
			isa = PBXCopyFilesBuildPhase;
			buildActionMask = 2147483647;
			dstPath = "";
			dstSubfolderSpec = 13;
			files = (
				BF5C32432A5F29BE006695B4 /* MyMessageFiltering.appex in Embed Foundation Extensions */,
			);
			name = "Embed Foundation Extensions";
			runOnlyForDeploymentPostprocessing = 0;
		};
/* End PBXCopyFilesBuildPhase section */

/* Begin PBXFileReference section */
		BF5C32272A5F29A9006695B4 /* SMS2Transaction.app */ = {isa = PBXFileReference; explicitFileType = wrapper.application; includeInIndex = 0; path = SMS2Transaction.app; sourceTree = BUILT_PRODUCTS_DIR; };
		BF5C322A2A5F29A9006695B4 /* mcontrolApp.swift */ = {isa = PBXFileReference; lastKnownFileType = sourcecode.swift; path = mcontrolApp.swift; sourceTree = "<group>"; };
		BF5C322C2A5F29A9006695B4 /* ContentView.swift */ = {isa = PBXFileReference; lastKnownFileType = sourcecode.swift; path = ContentView.swift; sourceTree = "<group>"; };
		BF5C322E2A5F29AB006695B4 /* Assets.xcassets */ = {isa = PBXFileReference; lastKnownFileType = folder.assetcatalog; path = Assets.xcassets; sourceTree = "<group>"; };
		BF5C32312A5F29AB006695B4 /* Preview Assets.xcassets */ = {isa = PBXFileReference; lastKnownFileType = folder.assetcatalog; path = "Preview Assets.xcassets"; sourceTree = "<group>"; };
		BF5C323C2A5F29BE006695B4 /* MyMessageFiltering.appex */ = {isa = PBXFileReference; explicitFileType = "wrapper.app-extension"; includeInIndex = 0; path = MyMessageFiltering.appex; sourceTree = BUILT_PRODUCTS_DIR; };
		BF5C323E2A5F29BE006695B4 /* MessageFilterExtension.swift */ = {isa = PBXFileReference; lastKnownFileType = sourcecode.swift; path = MessageFilterExtension.swift; sourceTree = "<group>"; };
		BF5C32402A5F29BE006695B4 /* Info.plist */ = {isa = PBXFileReference; lastKnownFileType = text.plist.xml; path = Info.plist; sourceTree = "<group>"; };
		BF5C32482A5F2B1B006695B4 /* mcontrol.entitlements */ = {isa = PBXFileReference; lastKnownFileType = text.plist.entitlements; path = mcontrol.entitlements; sourceTree = "<group>"; };
/* End PBXFileReference section */

/* Begin PBXFrameworksBuildPhase section */
		BF5C32242A5F29A9006695B4 /* Frameworks */ = {
			isa = PBXFrameworksBuildPhase;
			buildActionMask = 2147483647;
			files = (
			);
			runOnlyForDeploymentPostprocessing = 0;
		};
		BF5C32392A5F29BE006695B4 /* Frameworks */ = {
			isa = PBXFrameworksBuildPhase;
			buildActionMask = 2147483647;
			files = (
			);
			runOnlyForDeploymentPostprocessing = 0;
		};
/* End PBXFrameworksBuildPhase section */

/* Begin PBXGroup section */
		BF5C321E2A5F29A9006695B4 = {
			isa = PBXGroup;
			children = (
				BF5C32292A5F29A9006695B4 /* SMS2Transaction */,
				BF5C323D2A5F29BE006695B4 /* MyMessageFiltering */,
				BF5C32282A5F29A9006695B4 /* Products */,
			);
			sourceTree = "<group>";
		};
		BF5C32282A5F29A9006695B4 /* Products */ = {
			isa = PBXGroup;
			children = (
				BF5C32272A5F29A9006695B4 /* SMS2Transaction.app */,
				BF5C323C2A5F29BE006695B4 /* MyMessageFiltering.appex */,
			);
			name = Products;
			sourceTree = "<group>";
		};
		BF5C32292A5F29A9006695B4 /* SMS2Transaction */ = {
			isa = PBXGroup;
			children = (
				BF5C32482A5F2B1B006695B4 /* mcontrol.entitlements */,
				BF5C322A2A5F29A9006695B4 /* mcontrolApp.swift */,
				BF5C322C2A5F29A9006695B4 /* ContentView.swift */,
				BF5C322E2A5F29AB006695B4 /* Assets.xcassets */,
				BF5C32302A5F29AB006695B4 /* Preview Content */,
			);
			path = SMS2Transaction;
			sourceTree = "<group>";
		};
		BF5C32302A5F29AB006695B4 /* Preview Content */ = {
			isa = PBXGroup;
			children = (
				BF5C32312A5F29AB006695B4 /* Preview Assets.xcassets */,
			);
			path = "Preview Content";
			sourceTree = "<group>";
		};
		BF5C323D2A5F29BE006695B4 /* MyMessageFiltering */ = {
			isa = PBXGroup;
			children = (
				BF5C323E2A5F29BE006695B4 /* MessageFilterExtension.swift */,
				BF5C32402A5F29BE006695B4 /* Info.plist */,
			);
			path = MyMessageFiltering;
			sourceTree = "<group>";
		};
/* End PBXGroup section */

/* Begin PBXNativeTarget section */
		BF5C32262A5F29A9006695B4 /* SMS2Transaction */ = {
			isa = PBXNativeTarget;
			buildConfigurationList = BF5C32352A5F29AB006695B4 /* Build configuration list for PBXNativeTarget "SMS2Transaction" */;
			buildPhases = (
				BF5C32232A5F29A9006695B4 /* Sources */,
				BF5C32242A5F29A9006695B4 /* Frameworks */,
				BF5C32252A5F29A9006695B4 /* Resources */,
				BF5C32472A5F29BE006695B4 /* Embed Foundation Extensions */,
			);
			buildRules = (
			);
			dependencies = (
				BF5C32422A5F29BE006695B4 /* PBXTargetDependency */,
			);
			name = SMS2Transaction;
			productName = mcontrol;
			productReference = BF5C32272A5F29A9006695B4 /* SMS2Transaction.app */;
			productType = "com.apple.product-type.application";
		};
		BF5C323B2A5F29BE006695B4 /* MyMessageFiltering */ = {
			isa = PBXNativeTarget;
			buildConfigurationList = BF5C32442A5F29BE006695B4 /* Build configuration list for PBXNativeTarget "MyMessageFiltering" */;
			buildPhases = (
				BF5C32382A5F29BE006695B4 /* Sources */,
				BF5C32392A5F29BE006695B4 /* Frameworks */,
				BF5C323A2A5F29BE006695B4 /* Resources */,
			);
			buildRules = (
			);
			dependencies = (
			);
			name = MyMessageFiltering;
			productName = MyMessageFiltering;
			productReference = BF5C323C2A5F29BE006695B4 /* MyMessageFiltering.appex */;
			productType = "com.apple.product-type.app-extension";
		};
/* End PBXNativeTarget section */

/* Begin PBXProject section */
		BF5C321F2A5F29A9006695B4 /* Project object */ = {
			isa = PBXProject;
			attributes = {
				BuildIndependentTargetsInParallel = 1;
				LastSwiftUpdateCheck = 1430;
				LastUpgradeCheck = 1530;
				TargetAttributes = {
					BF5C32262A5F29A9006695B4 = {
						CreatedOnToolsVersion = 14.3.1;
					};
					BF5C323B2A5F29BE006695B4 = {
						CreatedOnToolsVersion = 14.3.1;
					};
				};
			};
			buildConfigurationList = BF5C32222A5F29A9006695B4 /* Build configuration list for PBXProject "SMS2Transaction" */;
			compatibilityVersion = "Xcode 14.0";
			developmentRegion = en;
			hasScannedForEncodings = 0;
			knownRegions = (
				en,
				Base,
			);
			mainGroup = BF5C321E2A5F29A9006695B4;
			productRefGroup = BF5C32282A5F29A9006695B4 /* Products */;
			projectDirPath = "";
			projectRoot = "";
			targets = (
				BF5C32262A5F29A9006695B4 /* SMS2Transaction */,
				BF5C323B2A5F29BE006695B4 /* MyMessageFiltering */,
			);
		};
/* End PBXProject section */

/* Begin PBXResourcesBuildPhase section */
		BF5C32252A5F29A9006695B4 /* Resources */ = {
			isa = PBXResourcesBuildPhase;
			buildActionMask = 2147483647;
			files = (
				BF5C32322A5F29AB006695B4 /* Preview Assets.xcassets in Resources */,
				BF5C322F2A5F29AB006695B4 /* Assets.xcassets in Resources */,
			);
			runOnlyForDeploymentPostprocessing = 0;
		};
		BF5C323A2A5F29BE006695B4 /* Resources */ = {
			isa = PBXResourcesBuildPhase;
			buildActionMask = 2147483647;
			files = (
			);
			runOnlyForDeploymentPostprocessing = 0;
		};
/* End PBXResourcesBuildPhase section */

/* Begin PBXSourcesBuildPhase section */
		BF5C32232A5F29A9006695B4 /* Sources */ = {
			isa = PBXSourcesBuildPhase;
			buildActionMask = 2147483647;
			files = (
				BF5C322D2A5F29A9006695B4 /* ContentView.swift in Sources */,
				BF5C322B2A5F29A9006695B4 /* mcontrolApp.swift in Sources */,
			);
			runOnlyForDeploymentPostprocessing = 0;
		};
		BF5C32382A5F29BE006695B4 /* Sources */ = {
			isa = PBXSourcesBuildPhase;
			buildActionMask = 2147483647;
			files = (
				BF5C323F2A5F29BE006695B4 /* MessageFilterExtension.swift in Sources */,
			);
			runOnlyForDeploymentPostprocessing = 0;
		};
/* End PBXSourcesBuildPhase section */

/* Begin PBXTargetDependency section */
		BF5C32422A5F29BE006695B4 /* PBXTargetDependency */ = {
			isa = PBXTargetDependency;
			target = BF5C323B2A5F29BE006695B4 /* MyMessageFiltering */;
			targetProxy = BF5C32412A5F29BE006695B4 /* PBXContainerItemProxy */;
		};
/* End PBXTargetDependency section */

/* Begin XCBuildConfiguration section */
		BF5C32332A5F29AB006695B4 /* Debug */ = {
			isa = XCBuildConfiguration;
			buildSettings = {
				ALWAYS_SEARCH_USER_PATHS = NO;
				CLANG_ANALYZER_NONNULL = YES;
				CLANG_ANALYZER_NUMBER_OBJECT_CONVERSION = YES_AGGRESSIVE;
				CLANG_CXX_LANGUAGE_STANDARD = "gnu++20";
				CLANG_ENABLE_MODULES = YES;
				CLANG_ENABLE_OBJC_ARC = YES;
				CLANG_ENABLE_OBJC_WEAK = YES;
				CLANG_WARN_BLOCK_CAPTURE_AUTORELEASING = YES;
				CLANG_WARN_BOOL_CONVERSION = YES;
				CLANG_WARN_COMMA = YES;
				CLANG_WARN_CONSTANT_CONVERSION = YES;
				CLANG_WARN_DEPRECATED_OBJC_IMPLEMENTATIONS = YES;
				CLANG_WARN_DIRECT_OBJC_ISA_USAGE = YES_ERROR;
				CLANG_WARN_DOCUMENTATION_COMMENTS = YES;
				CLANG_WARN_EMPTY_BODY = YES;
				CLANG_WARN_ENUM_CONVERSION = YES;
				CLANG_WARN_INFINITE_RECURSION = YES;
				CLANG_WARN_INT_CONVERSION = YES;
				CLANG_WARN_NON_LITERAL_NULL_CONVERSION = YES;
				CLANG_WARN_OBJC_IMPLICIT_RETAIN_SELF = YES;
				CLANG_WARN_OBJC_LITERAL_CONVERSION = YES;
				CLANG_WARN_OBJC_ROOT_CLASS = YES_ERROR;
				CLANG_WARN_QUOTED_INCLUDE_IN_FRAMEWORK_HEADER = YES;
				CLANG_WARN_RANGE_LOOP_ANALYSIS = YES;
				CLANG_WARN_STRICT_PROTOTYPES = YES;
				CLANG_WARN_SUSPICIOUS_MOVE = YES;
				CLANG_WARN_UNGUARDED_AVAILABILITY = YES_AGGRESSIVE;
				CLANG_WARN_UNREACHABLE_CODE = YES;
				CLANG_WARN__DUPLICATE_METHOD_MATCH = YES;
				COPY_PHASE_STRIP = NO;
				DEBUG_INFORMATION_FORMAT = dwarf;
				ENABLE_STRICT_OBJC_MSGSEND = YES;
				ENABLE_TESTABILITY = YES;
				ENABLE_USER_SCRIPT_SANDBOXING = YES;
				GCC_C_LANGUAGE_STANDARD = gnu11;
				GCC_DYNAMIC_NO_PIC = NO;
				GCC_NO_COMMON_BLOCKS = YES;
				GCC_OPTIMIZATION_LEVEL = 0;
				GCC_PREPROCESSOR_DEFINITIONS = (
					"DEBUG=1",
					"$(inherited)",
				);
				GCC_WARN_64_TO_32_BIT_CONVERSION = YES;
				GCC_WARN_ABOUT_RETURN_TYPE = YES_ERROR;
				GCC_WARN_UNDECLARED_SELECTOR = YES;
				GCC_WARN_UNINITIALIZED_AUTOS = YES_AGGRESSIVE;
				GCC_WARN_UNUSED_FUNCTION = YES;
				GCC_WARN_UNUSED_VARIABLE = YES;
				INFOPLIST_KEY_CFBundleDisplayName = "";
				IPHONEOS_DEPLOYMENT_TARGET = 16.4;
				MTL_ENABLE_DEBUG_INFO = INCLUDE_SOURCE;
				MTL_FAST_MATH = YES;
				ONLY_ACTIVE_ARCH = YES;
				SDKROOT = iphoneos;
				SWIFT_ACTIVE_COMPILATION_CONDITIONS = DEBUG;
				SWIFT_OPTIMIZATION_LEVEL = "-Onone";
			};
			name = Debug;
		};
		BF5C32342A5F29AB006695B4 /* Release */ = {
			isa = XCBuildConfiguration;
			buildSettings = {
				ALWAYS_SEARCH_USER_PATHS = NO;
				CLANG_ANALYZER_NONNULL = YES;
				CLANG_ANALYZER_NUMBER_OBJECT_CONVERSION = YES_AGGRESSIVE;
				CLANG_CXX_LANGUAGE_STANDARD = "gnu++20";
				CLANG_ENABLE_MODULES = YES;
				CLANG_ENABLE_OBJC_ARC = YES;
				CLANG_ENABLE_OBJC_WEAK = YES;
				CLANG_WARN_BLOCK_CAPTURE_AUTORELEASING = YES;
				CLANG_WARN_BOOL_CONVERSION = YES;
				CLANG_WARN_COMMA = YES;
				CLANG_WARN_CONSTANT_CONVERSION = YES;
				CLANG_WARN_DEPRECATED_OBJC_IMPLEMENTATIONS = YES;
				CLANG_WARN_DIRECT_OBJC_ISA_USAGE = YES_ERROR;
				CLANG_WARN_DOCUMENTATION_COMMENTS = YES;
				CLANG_WARN_EMPTY_BODY = YES;
				CLANG_WARN_ENUM_CONVERSION = YES;
				CLANG_WARN_INFINITE_RECURSION = YES;
				CLANG_WARN_INT_CONVERSION = YES;
				CLANG_WARN_NON_LITERAL_NULL_CONVERSION = YES;
				CLANG_WARN_OBJC_IMPLICIT_RETAIN_SELF = YES;
				CLANG_WARN_OBJC_LITERAL_CONVERSION = YES;
				CLANG_WARN_OBJC_ROOT_CLASS = YES_ERROR;
				CLANG_WARN_QUOTED_INCLUDE_IN_FRAMEWORK_HEADER = YES;
				CLANG_WARN_RANGE_LOOP_ANALYSIS = YES;
				CLANG_WARN_STRICT_PROTOTYPES = YES;
				CLANG_WARN_SUSPICIOUS_MOVE = YES;
				CLANG_WARN_UNGUARDED_AVAILABILITY = YES_AGGRESSIVE;
				CLANG_WARN_UNREACHABLE_CODE = YES;
				CLANG_WARN__DUPLICATE_METHOD_MATCH = YES;
				COPY_PHASE_STRIP = NO;
				DEBUG_INFORMATION_FORMAT = "dwarf-with-dsym";
				ENABLE_NS_ASSERTIONS = NO;
				ENABLE_STRICT_OBJC_MSGSEND = YES;
				ENABLE_USER_SCRIPT_SANDBOXING = YES;
				GCC_C_LANGUAGE_STANDARD = gnu11;
				GCC_NO_COMMON_BLOCKS = YES;
				GCC_WARN_64_TO_32_BIT_CONVERSION = YES;
				GCC_WARN_ABOUT_RETURN_TYPE = YES_ERROR;
				GCC_WARN_UNDECLARED_SELECTOR = YES;
				GCC_WARN_UNINITIALIZED_AUTOS = YES_AGGRESSIVE;
				GCC_WARN_UNUSED_FUNCTION = YES;
				GCC_WARN_UNUSED_VARIABLE = YES;
				INFOPLIST_KEY_CFBundleDisplayName = "";
				IPHONEOS_DEPLOYMENT_TARGET = 16.4;
				MTL_ENABLE_DEBUG_INFO = NO;
				MTL_FAST_MATH = YES;
				SDKROOT = iphoneos;
				SWIFT_COMPILATION_MODE = wholemodule;
				SWIFT_OPTIMIZATION_LEVEL = "-O";
				VALIDATE_PRODUCT = YES;
			};
			name = Release;
		};
		BF5C32362A5F29AB006695B4 /* Debug */ = {
			isa = XCBuildConfiguration;
			buildSettings = {
				ALWAYS_EMBED_SWIFT_STANDARD_LIBRARIES = YES;
				ASSETCATALOG_COMPILER_APPICON_NAME = AppIcon;
				ASSETCATALOG_COMPILER_GLOBAL_ACCENT_COLOR_NAME = AccentColor;
				ASSETCATALOG_COMPILER_INCLUDE_ALL_APPICON_ASSETS = YES;
				CODE_SIGN_ENTITLEMENTS = SMS2Transaction/mcontrol.entitlements;
				CODE_SIGN_STYLE = Automatic;
				CURRENT_PROJECT_VERSION = 5;
				DEVELOPMENT_ASSET_PATHS = "\"SMS2Transaction/Preview Content\"";
				DEVELOPMENT_TEAM = 9XUT76SMUA;
				ENABLE_PREVIEWS = YES;
				GENERATE_INFOPLIST_FILE = YES;
				INFOPLIST_KEY_CFBundleDisplayName = SMS2Transaction;
				INFOPLIST_KEY_UIApplicationSceneManifest_Generation = YES;
				INFOPLIST_KEY_UIApplicationSupportsIndirectInputEvents = YES;
				INFOPLIST_KEY_UILaunchScreen_Generation = YES;
				INFOPLIST_KEY_UISupportedInterfaceOrientations_iPad = "UIInterfaceOrientationPortrait UIInterfaceOrientationPortraitUpsideDown UIInterfaceOrientationLandscapeLeft UIInterfaceOrientationLandscapeRight";
				INFOPLIST_KEY_UISupportedInterfaceOrientations_iPhone = "UIInterfaceOrientationPortrait UIInterfaceOrientationLandscapeLeft UIInterfaceOrientationLandscapeRight";
				LD_RUNPATH_SEARCH_PATHS = (
					"$(inherited)",
					"@executable_path/Frameworks",
				);
				MARKETING_VERSION = 1.5;
				PRODUCT_BUNDLE_IDENTIFIER = mcontrol.mynet.mcontrol;
				PRODUCT_NAME = "$(TARGET_NAME)";
				SUPPORTED_PLATFORMS = "iphoneos iphonesimulator";
				SUPPORTS_MACCATALYST = NO;
				SUPPORTS_MAC_DESIGNED_FOR_IPHONE_IPAD = NO;
				SUPPORTS_XR_DESIGNED_FOR_IPHONE_IPAD = NO;
				SWIFT_EMIT_LOC_STRINGS = YES;
				SWIFT_VERSION = 5.0;
				TARGETED_DEVICE_FAMILY = "1,2";
			};
			name = Debug;
		};
		BF5C32372A5F29AB006695B4 /* Release */ = {
			isa = XCBuildConfiguration;
			buildSettings = {
				ALWAYS_EMBED_SWIFT_STANDARD_LIBRARIES = YES;
				ASSETCATALOG_COMPILER_APPICON_NAME = AppIcon;
				ASSETCATALOG_COMPILER_GLOBAL_ACCENT_COLOR_NAME = AccentColor;
				ASSETCATALOG_COMPILER_INCLUDE_ALL_APPICON_ASSETS = YES;
				CODE_SIGN_ENTITLEMENTS = SMS2Transaction/mcontrol.entitlements;
				CODE_SIGN_STYLE = Automatic;
				CURRENT_PROJECT_VERSION = 5;
				DEVELOPMENT_ASSET_PATHS = "\"SMS2Transaction/Preview Content\"";
				DEVELOPMENT_TEAM = 9XUT76SMUA;
				ENABLE_PREVIEWS = YES;
				GENERATE_INFOPLIST_FILE = YES;
				INFOPLIST_KEY_CFBundleDisplayName = SMS2Transaction;
				INFOPLIST_KEY_UIApplicationSceneManifest_Generation = YES;
				INFOPLIST_KEY_UIApplicationSupportsIndirectInputEvents = YES;
				INFOPLIST_KEY_UILaunchScreen_Generation = YES;
				INFOPLIST_KEY_UISupportedInterfaceOrientations_iPad = "UIInterfaceOrientationPortrait UIInterfaceOrientationPortraitUpsideDown UIInterfaceOrientationLandscapeLeft UIInterfaceOrientationLandscapeRight";
				INFOPLIST_KEY_UISupportedInterfaceOrientations_iPhone = "UIInterfaceOrientationPortrait UIInterfaceOrientationLandscapeLeft UIInterfaceOrientationLandscapeRight";
				LD_RUNPATH_SEARCH_PATHS = (
					"$(inherited)",
					"@executable_path/Frameworks",
				);
				MARKETING_VERSION = 1.5;
				PRODUCT_BUNDLE_IDENTIFIER = mcontrol.mynet.mcontrol;
				PRODUCT_NAME = "$(TARGET_NAME)";
				SUPPORTED_PLATFORMS = "iphoneos iphonesimulator";
				SUPPORTS_MACCATALYST = NO;
				SUPPORTS_MAC_DESIGNED_FOR_IPHONE_IPAD = NO;
				SUPPORTS_XR_DESIGNED_FOR_IPHONE_IPAD = NO;
				SWIFT_EMIT_LOC_STRINGS = YES;
				SWIFT_VERSION = 5.0;
				TARGETED_DEVICE_FAMILY = "1,2";
			};
			name = Release;
		};
		BF5C32452A5F29BE006695B4 /* Debug */ = {
			isa = XCBuildConfiguration;
			buildSettings = {
				CODE_SIGN_STYLE = Automatic;
				CURRENT_PROJECT_VERSION = 5;
				DEVELOPMENT_TEAM = 9XUT76SMUA;
				GENERATE_INFOPLIST_FILE = YES;
				INFOPLIST_FILE = MyMessageFiltering/Info.plist;
				INFOPLIST_KEY_CFBundleDisplayName = MyMessageFiltering;
				INFOPLIST_KEY_NSHumanReadableCopyright = "";
				LD_RUNPATH_SEARCH_PATHS = (
					"$(inherited)",
					"@executable_path/Frameworks",
					"@executable_path/../../Frameworks",
				);
				MARKETING_VERSION = 1.5;
				PRODUCT_BUNDLE_IDENTIFIER = mcontrol.mynet.mcontrol.MyMessageFiltering;
				PRODUCT_NAME = "$(TARGET_NAME)";
				SKIP_INSTALL = YES;
				SWIFT_EMIT_LOC_STRINGS = YES;
				SWIFT_VERSION = 5.0;
				TARGETED_DEVICE_FAMILY = "1,2";
			};
			name = Debug;
		};
		BF5C32462A5F29BE006695B4 /* Release */ = {
			isa = XCBuildConfiguration;
			buildSettings = {
				CODE_SIGN_STYLE = Automatic;
				CURRENT_PROJECT_VERSION = 5;
				DEVELOPMENT_TEAM = 9XUT76SMUA;
				GENERATE_INFOPLIST_FILE = YES;
				INFOPLIST_FILE = MyMessageFiltering/Info.plist;
				INFOPLIST_KEY_CFBundleDisplayName = MyMessageFiltering;
				INFOPLIST_KEY_NSHumanReadableCopyright = "";
				LD_RUNPATH_SEARCH_PATHS = (
					"$(inherited)",
					"@executable_path/Frameworks",
					"@executable_path/../../Frameworks",
				);
				MARKETING_VERSION = 1.5;
				PRODUCT_BUNDLE_IDENTIFIER = mcontrol.mynet.mcontrol.MyMessageFiltering;
				PRODUCT_NAME = "$(TARGET_NAME)";
				SKIP_INSTALL = YES;
				SWIFT_EMIT_LOC_STRINGS = YES;
				SWIFT_VERSION = 5.0;
				TARGETED_DEVICE_FAMILY = "1,2";
			};
			name = Release;
		};
/* End XCBuildConfiguration section */

/* Begin XCConfigurationList section */
		BF5C32222A5F29A9006695B4 /* Build configuration list for PBXProject "SMS2Transaction" */ = {
			isa = XCConfigurationList;
			buildConfigurations = (
				BF5C32332A5F29AB006695B4 /* Debug */,
				BF5C32342A5F29AB006695B4 /* Release */,
			);
			defaultConfigurationIsVisible = 0;
			defaultConfigurationName = Release;
		};
		BF5C32352A5F29AB006695B4 /* Build configuration list for PBXNativeTarget "SMS2Transaction" */ = {
			isa = XCConfigurationList;
			buildConfigurations = (
				BF5C32362A5F29AB006695B4 /* Debug */,
				BF5C32372A5F29AB006695B4 /* Release */,
			);
			defaultConfigurationIsVisible = 0;
			defaultConfigurationName = Release;
		};
		BF5C32442A5F29BE006695B4 /* Build configuration list for PBXNativeTarget "MyMessageFiltering" */ = {
			isa = XCConfigurationList;
			buildConfigurations = (
				BF5C32452A5F29BE006695B4 /* Debug */,
				BF5C32462A5F29BE006695B4 /* Release */,
			);
			defaultConfigurationIsVisible = 0;
			defaultConfigurationName = Release;
		};
/* End XCConfigurationList section */
	};
	rootObject = BF5C321F2A5F29A9006695B4 /* Project object */;
}
